
Microsoft Visual Studio Solution File, Format Version 12.00
# Visual Studio Version 17
VisualStudioVersion = 17.4.33205.214
MinimumVisualStudioVersion = 10.0.40219.1
Project("{FAE04EC0-301F-11D3-BF4B-00C04F79EFBC}") = "PPPK_Zadatak04", "PPPK_Zadatak04\PPPK_Zadatak04.csproj", "{7EE969AD-F8A0-40A5-96DD-29CE2BEFCC5E}"
EndProject
Global
	GlobalSection(SolutionConfigurationPlatforms) = preSolution
		Debug|Any CPU = Debug|Any CPU
		Release|Any CPU = Release|Any CPU
	EndGlobalSection
	GlobalSection(ProjectConfigurationPlatforms) = postSolution
		{7EE969AD-F8A0-40A5-96DD-29CE2BEFCC5E}.Debug|Any CPU.ActiveCfg = Debug|Any CPU
		{7EE969AD-F8A0-40A5-96DD-29CE2BEFCC5E}.Debug|Any CPU.Build.0 = Debug|Any CPU
		{7EE969AD-F8A0-40A5-96DD-29CE2BEFCC5E}.Release|Any CPU.ActiveCfg = Release|Any CPU
		{7EE969AD-F8A0-40A5-96DD-29CE2BEFCC5E}.Release|Any CPU.Build.0 = Release|Any CPU
	EndGlobalSection
	GlobalSection(SolutionProperties) = preSolution
		HideSolutionNode = FALSE
	EndGlobalSection
	GlobalSection(ExtensibilityGlobals) = postSolution
		SolutionGuid = {A016A10F-A5B2-408C-9AFD-A703116270D8}
	EndGlobalSection
EndGlobal
